
Microsoft Visual Studio Solution File, Format Version 12.00
# Visual Studio 15
VisualStudioVersion = 15.0.28307.1000
MinimumVisualStudioVersion = 10.0.40219.1
Project("{FAE04EC0-301F-11D3-BF4B-00C04F79EFBC}") = "Synox-Hax-Roblox-Executor-By-Rennox", "Synox-Hax-Roblox-Executor-By-Rennox\Synox-Hax-Roblox-Executor-By-Rennox.csproj", "{95B1C3E5-C882-4B10-94A1-830654EFBD57}"
EndProject
Global
	GlobalSection(SolutionConfigurationPlatforms) = preSolution
		Debug|Any CPU = Debug|Any CPU
		Release|Any CPU = Release|Any CPU
	EndGlobalSection
	GlobalSection(ProjectConfigurationPlatforms) = postSolution
		{95B1C3E5-C882-4B10-94A1-830654EFBD57}.Debug|Any CPU.ActiveCfg = Debug|Any CPU
		{95B1C3E5-C882-4B10-94A1-830654EFBD57}.Debug|Any CPU.Build.0 = Debug|Any CPU
		{95B1C3E5-C882-4B10-94A1-830654EFBD57}.Release|Any CPU.ActiveCfg = Release|Any CPU
		{95B1C3E5-C882-4B10-94A1-830654EFBD57}.Release|Any CPU.Build.0 = Release|Any CPU
	EndGlobalSection
	GlobalSection(SolutionProperties) = preSolution
		HideSolutionNode = FALSE
	EndGlobalSection
	GlobalSection(ExtensibilityGlobals) = postSolution
		SolutionGuid = {7CE51776-7427-447C-BE07-7B6AB3F563D7}
	EndGlobalSection
EndGlobal
